
Microsoft Visual Studio Solution File, Format Version 12.00
# Visual Studio Version 17
VisualStudioVersion = 17.13.35818.85
MinimumVisualStudioVersion = 10.0.40219.1
Project("{FAE04EC0-301F-11D3-BF4B-00C04F79EFBC}") = "Back_ColheitaSolidaria", "Back_ColheitaSolidaria.csproj", "{D629404B-55AF-4F6D-B43D-15D536652859}"
EndProject
Global
	GlobalSection(SolutionConfigurationPlatforms) = preSolution
		Debug|Any CPU = Debug|Any CPU
		Release|Any CPU = Release|Any CPU
	EndGlobalSection
	GlobalSection(ProjectConfigurationPlatforms) = postSolution
		{D629404B-55AF-4F6D-B43D-15D536652859}.Debug|Any CPU.ActiveCfg = Debug|Any CPU
		{D629404B-55AF-4F6D-B43D-15D536652859}.Debug|Any CPU.Build.0 = Debug|Any CPU
		{D629404B-55AF-4F6D-B43D-15D536652859}.Release|Any CPU.ActiveCfg = Release|Any CPU
		{D629404B-55AF-4F6D-B43D-15D536652859}.Release|Any CPU.Build.0 = Release|Any CPU
	EndGlobalSection
	GlobalSection(SolutionProperties) = preSolution
		HideSolutionNode = FALSE
	EndGlobalSection
	GlobalSection(ExtensibilityGlobals) = postSolution
		SolutionGuid = {CB1360C7-DDC7-441A-990B-D024C5A8E1F4}
	EndGlobalSection
EndGlobal
